
Microsoft Visual Studio Solution File, Format Version 12.00
# Visual Studio Version 17
VisualStudioVersion = 17.8.34330.188
MinimumVisualStudioVersion = 10.0.40219.1
Project("{FAE04EC0-301F-11D3-BF4B-00C04F79EFBC}") = "crudApp", "crudApp\crudApp.csproj", "{53334029-8C02-4024-BDA2-48C47116228F}"
EndProject
Global
	GlobalSection(SolutionConfigurationPlatforms) = preSolution
		Debug|Any CPU = Debug|Any CPU
		Release|Any CPU = Release|Any CPU
	EndGlobalSection
	GlobalSection(ProjectConfigurationPlatforms) = postSolution
		{53334029-8C02-4024-BDA2-48C47116228F}.Debug|Any CPU.ActiveCfg = Debug|Any CPU
		{53334029-8C02-4024-BDA2-48C47116228F}.Debug|Any CPU.Build.0 = Debug|Any CPU
		{53334029-8C02-4024-BDA2-48C47116228F}.Release|Any CPU.ActiveCfg = Release|Any CPU
		{53334029-8C02-4024-BDA2-48C47116228F}.Release|Any CPU.Build.0 = Release|Any CPU
	EndGlobalSection
	GlobalSection(SolutionProperties) = preSolution
		HideSolutionNode = FALSE
	EndGlobalSection
	GlobalSection(ExtensibilityGlobals) = postSolution
		SolutionGuid = {6A7418C2-68E8-4167-82D4-19F3096BD7A5}
	EndGlobalSection
EndGlobal
